
Microsoft Visual Studio Solution File, Format Version 12.00
# Visual Studio Version 17
VisualStudioVersion = 17.0.32126.317
MinimumVisualStudioVersion = 10.0.40219.1
Project("{FAE04EC0-301F-11D3-BF4B-00C04F79EFBC}") = "ABC Marketing", "ABC Marketing\ABC Marketing.csproj", "{0B17F9FB-3A9D-4705-8A06-51F8E84C9119}"
EndProject
Global
	GlobalSection(SolutionConfigurationPlatforms) = preSolution
		Debug|Any CPU = Debug|Any CPU
		Release|Any CPU = Release|Any CPU
	EndGlobalSection
	GlobalSection(ProjectConfigurationPlatforms) = postSolution
		{0B17F9FB-3A9D-4705-8A06-51F8E84C9119}.Debug|Any CPU.ActiveCfg = Debug|Any CPU
		{0B17F9FB-3A9D-4705-8A06-51F8E84C9119}.Debug|Any CPU.Build.0 = Debug|Any CPU
		{0B17F9FB-3A9D-4705-8A06-51F8E84C9119}.Release|Any CPU.ActiveCfg = Release|Any CPU
		{0B17F9FB-3A9D-4705-8A06-51F8E84C9119}.Release|Any CPU.Build.0 = Release|Any CPU
	EndGlobalSection
	GlobalSection(SolutionProperties) = preSolution
		HideSolutionNode = FALSE
	EndGlobalSection
	GlobalSection(ExtensibilityGlobals) = postSolution
		SolutionGuid = {7052F5FB-755C-4ADF-9F61-DB70555AE415}
	EndGlobalSection
EndGlobal
